{
  "version": 4,
  "terraform_version": "1.5.7",
  "serial": 158,
  "lineage": "674fecec-6667-a967-daec-1c169a2570e0",
  "outputs": {},
  "resources": [
    {
      "mode": "managed",
      "type": "aws_cloudfront_cache_policy",
      "name": "hugo_cache_policy",
      "provider": "provider[\"registry.terraform.io/hashicorp/aws\"]",
      "instances": [
        {
          "schema_version": 0,
          "attributes": {
            "comment": "",
            "default_ttl": 86400,
            "etag": "E23ZP02F085DFQ",
            "id": "c46d4630-0e79-4300-9645-695d53bc76c6",
            "max_ttl": 31536000,
            "min_ttl": 0,
            "name": "hugo-cache-policy",
            "parameters_in_cache_key_and_forwarded_to_origin": [
              {
                "cookies_config": [
                  {
                    "cookie_behavior": "none",
                    "cookies": []
                  }
                ],
                "enable_accept_encoding_brotli": false,
                "enable_accept_encoding_gzip": false,
                "headers_config": [
                  {
                    "header_behavior": "none",
                    "headers": []
                  }
                ],
                "query_strings_config": [
                  {
                    "query_string_behavior": "none",
                    "query_strings": []
                  }
                ]
              }
            ]
          },
          "sensitive_attributes": [],
          "private": "bnVsbA=="
        }
      ]
    },
    {
      "mode": "managed",
      "type": "aws_cloudfront_distribution",
      "name": "hugo_distribution",
      "provider": "provider[\"registry.terraform.io/hashicorp/aws\"]",
      "instances": [
        {
          "schema_version": 1,
          "attributes": {
            "aliases": null,
            "arn": "arn:aws:cloudfront::106908755756:distribution/E228JALRWICZ9X",
            "caller_reference": "terraform-20240903092541933500000001",
            "comment": "CloudFront distribution for hugo",
            "continuous_deployment_policy_id": "",
            "custom_error_response": [],
            "default_cache_behavior": [
              {
                "allowed_methods": [
                  "GET",
                  "HEAD"
                ],
                "cache_policy_id": "",
                "cached_methods": [
                  "GET",
                  "HEAD"
                ],
                "compress": false,
                "default_ttl": 0,
                "field_level_encryption_id": "",
                "forwarded_values": [
                  {
                    "cookies": [
                      {
                        "forward": "none",
                        "whitelisted_names": []
                      }
                    ],
                    "headers": [],
                    "query_string": false,
                    "query_string_cache_keys": []
                  }
                ],
                "function_association": [],
                "lambda_function_association": [],
                "max_ttl": 0,
                "min_ttl": 0,
                "origin_request_policy_id": "",
                "realtime_log_config_arn": "",
                "response_headers_policy_id": "",
                "smooth_streaming": false,
                "target_origin_id": "hugo-s3-origin",
                "trusted_key_groups": [],
                "trusted_signers": [],
                "viewer_protocol_policy": "redirect-to-https"
              }
            ],
            "default_root_object": "index.html",
            "domain_name": "d2mpgwhwldcemg.cloudfront.net",
            "enabled": true,
            "etag": "E2MQVGMCU78Q5H",
            "hosted_zone_id": "Z2FDTNDATAQYW2",
            "http_version": "http2",
            "id": "E228JALRWICZ9X",
            "in_progress_validation_batches": 0,
            "is_ipv6_enabled": true,
            "last_modified_time": "2024-09-03 09:25:42.175 +0000 UTC",
            "logging_config": [],
            "ordered_cache_behavior": [],
            "origin": [
              {
                "connection_attempts": 3,
                "connection_timeout": 10,
                "custom_header": [],
                "custom_origin_config": [],
                "domain_name": "hugo-bucket-oac.s3.us-east-1.amazonaws.com",
                "origin_access_control_id": "E29NZKGAYZ7VLX",
                "origin_id": "hugo-s3-origin",
                "origin_path": "",
                "origin_shield": [],
                "s3_origin_config": []
              }
            ],
            "origin_group": [],
            "price_class": "PriceClass_100",
            "restrictions": [
              {
                "geo_restriction": [
                  {
                    "locations": [],
                    "restriction_type": "none"
                  }
                ]
              }
            ],
            "retain_on_delete": false,
            "staging": false,
            "status": "Deployed",
            "tags": null,
            "tags_all": {},
            "trusted_key_groups": [
              {
                "enabled": false,
                "items": []
              }
            ],
            "trusted_signers": [
              {
                "enabled": false,
                "items": []
              }
            ],
            "viewer_certificate": [
              {
                "acm_certificate_arn": "",
                "cloudfront_default_certificate": true,
                "iam_certificate_id": "",
                "minimum_protocol_version": "TLSv1",
                "ssl_support_method": ""
              }
            ],
            "wait_for_deployment": true,
            "web_acl_id": ""
          },
          "sensitive_attributes": [],
          "private": "eyJzY2hlbWFfdmVyc2lvbiI6IjEifQ==",
          "dependencies": [
            "aws_cloudfront_origin_access_control.hugo_oac",
            "aws_s3_bucket.hugo_bucket_oac"
          ]
        }
      ]
    },
    {
      "mode": "managed",
      "type": "aws_cloudfront_origin_access_control",
      "name": "hugo_oac",
      "provider": "provider[\"registry.terraform.io/hashicorp/aws\"]",
      "instances": [
        {
          "schema_version": 0,
          "attributes": {
            "description": "OAC for hugo CloudFront distribution",
            "etag": "ETVPDKIKX0DER",
            "id": "E29NZKGAYZ7VLX",
            "name": "hugo-oac",
            "origin_access_control_origin_type": "s3",
            "signing_behavior": "always",
            "signing_protocol": "sigv4"
          },
          "sensitive_attributes": [],
          "private": "bnVsbA=="
        }
      ]
    },
    {
      "mode": "managed",
      "type": "aws_cloudfront_origin_request_policy",
      "name": "hugo_request_policy",
      "provider": "provider[\"registry.terraform.io/hashicorp/aws\"]",
      "instances": [
        {
          "schema_version": 0,
          "attributes": {
            "comment": "",
            "cookies_config": [
              {
                "cookie_behavior": "none",
                "cookies": []
              }
            ],
            "etag": "E23ZP02F085DFQ",
            "headers_config": [
              {
                "header_behavior": "whitelist",
                "headers": [
                  {
                    "items": [
                      "Origin"
                    ]
                  }
                ]
              }
            ],
            "id": "e0531ae6-967c-4724-837c-0742ab7a4117",
            "name": "hugo-origin-request-policy",
            "query_strings_config": [
              {
                "query_string_behavior": "none",
                "query_strings": []
              }
            ]
          },
          "sensitive_attributes": [],
          "private": "bnVsbA=="
        }
      ]
    },
    {
      "mode": "managed",
      "type": "aws_s3_bucket",
      "name": "hugo_bucket_oac",
      "provider": "provider[\"registry.terraform.io/hashicorp/aws\"]",
      "instances": [
        {
          "schema_version": 0,
          "attributes": {
            "acceleration_status": "",
            "acl": null,
            "arn": "arn:aws:s3:::hugo-bucket-oac",
            "bucket": "hugo-bucket-oac",
            "bucket_domain_name": "hugo-bucket-oac.s3.amazonaws.com",
            "bucket_prefix": "",
            "bucket_regional_domain_name": "hugo-bucket-oac.s3.us-east-1.amazonaws.com",
            "cors_rule": [],
            "force_destroy": false,
            "grant": [
              {
                "id": "32f7a8de531d6d2893e4d1092170336f5912876bf6cb43618397ed4151afd5bf",
                "permissions": [
                  "FULL_CONTROL"
                ],
                "type": "CanonicalUser",
                "uri": ""
              }
            ],
            "hosted_zone_id": "Z3AQBSTGFYJSTF",
            "id": "hugo-bucket-oac",
            "lifecycle_rule": [],
            "logging": [],
            "object_lock_configuration": [],
            "object_lock_enabled": false,
            "policy": "",
            "region": "us-east-1",
            "replication_configuration": [],
            "request_payer": "BucketOwner",
            "server_side_encryption_configuration": [
              {
                "rule": [
                  {
                    "apply_server_side_encryption_by_default": [
                      {
                        "kms_master_key_id": "",
                        "sse_algorithm": "AES256"
                      }
                    ],
                    "bucket_key_enabled": false
                  }
                ]
              }
            ],
            "tags": null,
            "tags_all": {},
            "timeouts": null,
            "versioning": [
              {
                "enabled": false,
                "mfa_delete": false
              }
            ],
            "website": [],
            "website_domain": null,
            "website_endpoint": null
          },
          "sensitive_attributes": [],
          "private": "eyJlMmJmYjczMC1lY2FhLTExZTYtOGY4OC0zNDM2M2JjN2M0YzAiOnsiY3JlYXRlIjoxMjAwMDAwMDAwMDAwLCJkZWxldGUiOjM2MDAwMDAwMDAwMDAsInJlYWQiOjEyMDAwMDAwMDAwMDAsInVwZGF0ZSI6MTIwMDAwMDAwMDAwMH19"
        }
      ]
    }
  ],
  "check_results": null
}
