dependencies:
- name: postgresql
  repository: oci://registry-1.docker.io/bitnamicharts
  version: 18.2.0
- name: valkey
  repository: https://valkey.io/valkey-helm/
  version: 0.12.0
- name: neo4j
  repository: https://helm.neo4j.com/neo4j
  version: 2025.12.1
digest: sha256:e0805357b7d3eac2efa486d6d398ddc2037efb8f7354c73cf14e6e102a740240
generated: "2026-10-03T23:17:18.222453299Z"
